
Microsoft Visual Studio Solution File, Format Version 12.00
# Visual Studio 15
VisualStudioVersion = 15.0.27703.2042
MinimumVisualStudioVersion = 10.0.40219.1
Project("{9A19103F-16F7-4668-BE54-9A1E7A4F7556}") = "OcelotApiGw", "ApiGw-Base\OcelotApiGw.csproj", "{747997FC-C888-475D-B685-C5179F000D99}"
EndProject
Project("{FAE04EC0-301F-11D3-BF4B-00C04F79EFBC}") = "AuthUnawareWeb", "AuthUnawareWeb\AuthUnawareWeb.csproj", "{C52D73D7-4A8E-442F-9B90-2F35769275D3}"
EndProject
Global
	GlobalSection(SolutionConfigurationPlatforms) = preSolution
		Debug|Any CPU = Debug|Any CPU
		Release|Any CPU = Release|Any CPU
	EndGlobalSection
	GlobalSection(ProjectConfigurationPlatforms) = postSolution
		{747997FC-C888-475D-B685-C5179F000D99}.Debug|Any CPU.ActiveCfg = Debug|Any CPU
		{747997FC-C888-475D-B685-C5179F000D99}.Debug|Any CPU.Build.0 = Debug|Any CPU
		{747997FC-C888-475D-B685-C5179F000D99}.Release|Any CPU.ActiveCfg = Release|Any CPU
		{747997FC-C888-475D-B685-C5179F000D99}.Release|Any CPU.Build.0 = Release|Any CPU
		{C52D73D7-4A8E-442F-9B90-2F35769275D3}.Debug|Any CPU.ActiveCfg = Debug|Any CPU
		{C52D73D7-4A8E-442F-9B90-2F35769275D3}.Debug|Any CPU.Build.0 = Debug|Any CPU
		{C52D73D7-4A8E-442F-9B90-2F35769275D3}.Release|Any CPU.ActiveCfg = Release|Any CPU
		{C52D73D7-4A8E-442F-9B90-2F35769275D3}.Release|Any CPU.Build.0 = Release|Any CPU
	EndGlobalSection
	GlobalSection(SolutionProperties) = preSolution
		HideSolutionNode = FALSE
	EndGlobalSection
	GlobalSection(ExtensibilityGlobals) = postSolution
		SolutionGuid = {112BD300-6B60-4E88-BD70-CB06F0F994D2}
	EndGlobalSection
EndGlobal
